
Microsoft Visual Studio Solution File, Format Version 12.00
# Visual Studio 15
VisualStudioVersion = 15.0.27703.2042
MinimumVisualStudioVersion = 10.0.40219.1
Project("{FAE04EC0-301F-11D3-BF4B-00C04F79EFBC}") = "Voronoi2D", "Voronoi2D\Voronoi2D.csproj", "{AC79CE0F-13E8-4D1D-8E29-F340D481F8FF}"
EndProject
Global
	GlobalSection(SolutionConfigurationPlatforms) = preSolution
		Debug|Any CPU = Debug|Any CPU
		Release|Any CPU = Release|Any CPU
	EndGlobalSection
	GlobalSection(ProjectConfigurationPlatforms) = postSolution
		{AC79CE0F-13E8-4D1D-8E29-F340D481F8FF}.Debug|Any CPU.ActiveCfg = Debug|Any CPU
		{AC79CE0F-13E8-4D1D-8E29-F340D481F8FF}.Debug|Any CPU.Build.0 = Debug|Any CPU
		{AC79CE0F-13E8-4D1D-8E29-F340D481F8FF}.Release|Any CPU.ActiveCfg = Release|Any CPU
		{AC79CE0F-13E8-4D1D-8E29-F340D481F8FF}.Release|Any CPU.Build.0 = Release|Any CPU
	EndGlobalSection
	GlobalSection(SolutionProperties) = preSolution
		HideSolutionNode = FALSE
	EndGlobalSection
	GlobalSection(ExtensibilityGlobals) = postSolution
		SolutionGuid = {25BAA0CA-3180-4F79-BD3E-3870167095F2}
	EndGlobalSection
EndGlobal
